
Microsoft Visual Studio Solution File, Format Version 12.00
# Visual Studio Version 17
VisualStudioVersion = 17.11.35312.102
MinimumVisualStudioVersion = 10.0.40219.1
Project("{FAE04EC0-301F-11D3-BF4B-00C04F79EFBC}") = "DSOO_TP1_Com1A_Grupo2", "DSOO_TP1_Com1A_Grupo2\DSOO_TP1_Com1A_Grupo2.csproj", "{DA57E5C6-E3C3-428F-8DAA-F85C43B81563}"
EndProject
Global
	GlobalSection(SolutionConfigurationPlatforms) = preSolution
		Debug|Any CPU = Debug|Any CPU
		Release|Any CPU = Release|Any CPU
	EndGlobalSection
	GlobalSection(ProjectConfigurationPlatforms) = postSolution
		{DA57E5C6-E3C3-428F-8DAA-F85C43B81563}.Debug|Any CPU.ActiveCfg = Debug|Any CPU
		{DA57E5C6-E3C3-428F-8DAA-F85C43B81563}.Debug|Any CPU.Build.0 = Debug|Any CPU
		{DA57E5C6-E3C3-428F-8DAA-F85C43B81563}.Release|Any CPU.ActiveCfg = Release|Any CPU
		{DA57E5C6-E3C3-428F-8DAA-F85C43B81563}.Release|Any CPU.Build.0 = Release|Any CPU
	EndGlobalSection
	GlobalSection(SolutionProperties) = preSolution
		HideSolutionNode = FALSE
	EndGlobalSection
	GlobalSection(ExtensibilityGlobals) = postSolution
		SolutionGuid = {CCE5B1BC-E012-463E-8043-ACE9A76241DE}
	EndGlobalSection
EndGlobal
